
Microsoft Visual Studio Solution File, Format Version 12.00
# Visual Studio 15
VisualStudioVersion = 15.0.27703.2035
MinimumVisualStudioVersion = 10.0.40219.1
Project("{9A19103F-16F7-4668-BE54-9A1E7A4F7556}") = "Sample.Docstore", "Sample.Docstore\Sample.Docstore.csproj", "{A70FD8D5-1FA1-4366-885A-7D1C974CDA6E}"
EndProject
Project("{9A19103F-16F7-4668-BE54-9A1E7A4F7556}") = "Sample.Docstore.Test", "Sample.Docstore.Test\Sample.Docstore.Test.csproj", "{0238C65B-96BF-4478-940D-5A13FB3D8C82}"
EndProject
Global
	GlobalSection(SolutionConfigurationPlatforms) = preSolution
		Debug|Any CPU = Debug|Any CPU
		Release|Any CPU = Release|Any CPU
	EndGlobalSection
	GlobalSection(ProjectConfigurationPlatforms) = postSolution
		{A70FD8D5-1FA1-4366-885A-7D1C974CDA6E}.Debug|Any CPU.ActiveCfg = Debug|Any CPU
		{A70FD8D5-1FA1-4366-885A-7D1C974CDA6E}.Debug|Any CPU.Build.0 = Debug|Any CPU
		{A70FD8D5-1FA1-4366-885A-7D1C974CDA6E}.Release|Any CPU.ActiveCfg = Release|Any CPU
		{A70FD8D5-1FA1-4366-885A-7D1C974CDA6E}.Release|Any CPU.Build.0 = Release|Any CPU
		{0238C65B-96BF-4478-940D-5A13FB3D8C82}.Debug|Any CPU.ActiveCfg = Debug|Any CPU
		{0238C65B-96BF-4478-940D-5A13FB3D8C82}.Debug|Any CPU.Build.0 = Debug|Any CPU
		{0238C65B-96BF-4478-940D-5A13FB3D8C82}.Release|Any CPU.ActiveCfg = Release|Any CPU
		{0238C65B-96BF-4478-940D-5A13FB3D8C82}.Release|Any CPU.Build.0 = Release|Any CPU
	EndGlobalSection
	GlobalSection(SolutionProperties) = preSolution
		HideSolutionNode = FALSE
	EndGlobalSection
	GlobalSection(ExtensibilityGlobals) = postSolution
		SolutionGuid = {2A6FA131-B724-4465-96EF-43F994C012D6}
	EndGlobalSection
EndGlobal
